
Microsoft Visual Studio Solution File, Format Version 12.00
# Visual Studio Version 17
VisualStudioVersion = 17.3.32901.215
MinimumVisualStudioVersion = 10.0.40219.1
Project("{FAE04EC0-301F-11D3-BF4B-00C04F79EFBC}") = "VetClinic_DB_APP", "VetClinic_DB_APP\VetClinic_DB_APP.csproj", "{D4E8F3A8-D289-4DE9-BCD8-60B44D1236BF}"
EndProject
Global
	GlobalSection(SolutionConfigurationPlatforms) = preSolution
		Debug|Any CPU = Debug|Any CPU
		Release|Any CPU = Release|Any CPU
	EndGlobalSection
	GlobalSection(ProjectConfigurationPlatforms) = postSolution
		{D4E8F3A8-D289-4DE9-BCD8-60B44D1236BF}.Debug|Any CPU.ActiveCfg = Debug|Any CPU
		{D4E8F3A8-D289-4DE9-BCD8-60B44D1236BF}.Debug|Any CPU.Build.0 = Debug|Any CPU
		{D4E8F3A8-D289-4DE9-BCD8-60B44D1236BF}.Release|Any CPU.ActiveCfg = Release|Any CPU
		{D4E8F3A8-D289-4DE9-BCD8-60B44D1236BF}.Release|Any CPU.Build.0 = Release|Any CPU
	EndGlobalSection
	GlobalSection(SolutionProperties) = preSolution
		HideSolutionNode = FALSE
	EndGlobalSection
	GlobalSection(ExtensibilityGlobals) = postSolution
		SolutionGuid = {E3E6C065-5658-4904-B541-D8F6BC14B508}
	EndGlobalSection
EndGlobal
